
Microsoft Visual Studio Solution File, Format Version 12.00
# Visual Studio Express 2012 for Windows Desktop
Project("{FAE04EC0-301F-11D3-BF4B-00C04F79EFBC}") = "Questao16", "Questao16\Questao16.csproj", "{9545C6A8-0051-48BC-A60F-73591C0BD34C}"
EndProject
Global
	GlobalSection(SolutionConfigurationPlatforms) = preSolution
		Debug|Any CPU = Debug|Any CPU
		Release|Any CPU = Release|Any CPU
	EndGlobalSection
	GlobalSection(ProjectConfigurationPlatforms) = postSolution
		{9545C6A8-0051-48BC-A60F-73591C0BD34C}.Debug|Any CPU.ActiveCfg = Debug|Any CPU
		{9545C6A8-0051-48BC-A60F-73591C0BD34C}.Debug|Any CPU.Build.0 = Debug|Any CPU
		{9545C6A8-0051-48BC-A60F-73591C0BD34C}.Release|Any CPU.ActiveCfg = Release|Any CPU
		{9545C6A8-0051-48BC-A60F-73591C0BD34C}.Release|Any CPU.Build.0 = Release|Any CPU
	EndGlobalSection
	GlobalSection(SolutionProperties) = preSolution
		HideSolutionNode = FALSE
	EndGlobalSection
EndGlobal
